
Microsoft Visual Studio Solution File, Format Version 12.00
# Visual Studio Version 16
VisualStudioVersion = 16.0.30907.101
MinimumVisualStudioVersion = 10.0.40219.1
Project("{FAE04EC0-301F-11D3-BF4B-00C04F79EFBC}") = "Rss.Server", "src\Rss.Server\Rss.Server.csproj", "{5CE78560-3E67-420A-BD8E-591CF6D2C85D}"
EndProject
Project("{FAE04EC0-301F-11D3-BF4B-00C04F79EFBC}") = "Rss.Server.Tests", "src\Rss.Server.Tests\Rss.Server.Tests.csproj", "{0E906E8A-1213-4EB3-96FC-72A0A126447A}"
EndProject
Project("{FAE04EC0-301F-11D3-BF4B-00C04F79EFBC}") = "Radio7.HtmlCleaner", "src\Radio7.HtmlCleaner\Radio7.HtmlCleaner.csproj", "{DE2E4E34-1F3C-4D83-B6A0-55291B978224}"
EndProject
Project("{FAE04EC0-301F-11D3-BF4B-00C04F79EFBC}") = "Radio7.Rss", "src\Radio7.Rss\Radio7.Rss.csproj", "{D132F0EF-DA56-48CF-B849-CF161FB9E359}"
EndProject
Global
	GlobalSection(SolutionConfigurationPlatforms) = preSolution
		Debug|Any CPU = Debug|Any CPU
		Release|Any CPU = Release|Any CPU
	EndGlobalSection
	GlobalSection(ProjectConfigurationPlatforms) = postSolution
		{5CE78560-3E67-420A-BD8E-591CF6D2C85D}.Debug|Any CPU.ActiveCfg = Debug|Any CPU
		{5CE78560-3E67-420A-BD8E-591CF6D2C85D}.Debug|Any CPU.Build.0 = Debug|Any CPU
		{5CE78560-3E67-420A-BD8E-591CF6D2C85D}.Release|Any CPU.ActiveCfg = Release|Any CPU
		{5CE78560-3E67-420A-BD8E-591CF6D2C85D}.Release|Any CPU.Build.0 = Release|Any CPU
		{0E906E8A-1213-4EB3-96FC-72A0A126447A}.Debug|Any CPU.ActiveCfg = Debug|Any CPU
		{0E906E8A-1213-4EB3-96FC-72A0A126447A}.Debug|Any CPU.Build.0 = Debug|Any CPU
		{0E906E8A-1213-4EB3-96FC-72A0A126447A}.Release|Any CPU.ActiveCfg = Release|Any CPU
		{0E906E8A-1213-4EB3-96FC-72A0A126447A}.Release|Any CPU.Build.0 = Release|Any CPU
		{DE2E4E34-1F3C-4D83-B6A0-55291B978224}.Debug|Any CPU.ActiveCfg = Debug|Any CPU
		{DE2E4E34-1F3C-4D83-B6A0-55291B978224}.Debug|Any CPU.Build.0 = Debug|Any CPU
		{DE2E4E34-1F3C-4D83-B6A0-55291B978224}.Release|Any CPU.ActiveCfg = Release|Any CPU
		{DE2E4E34-1F3C-4D83-B6A0-55291B978224}.Release|Any CPU.Build.0 = Release|Any CPU
		{D132F0EF-DA56-48CF-B849-CF161FB9E359}.Debug|Any CPU.ActiveCfg = Debug|Any CPU
		{D132F0EF-DA56-48CF-B849-CF161FB9E359}.Debug|Any CPU.Build.0 = Debug|Any CPU
		{D132F0EF-DA56-48CF-B849-CF161FB9E359}.Release|Any CPU.ActiveCfg = Release|Any CPU
		{D132F0EF-DA56-48CF-B849-CF161FB9E359}.Release|Any CPU.Build.0 = Release|Any CPU
	EndGlobalSection
	GlobalSection(SolutionProperties) = preSolution
		HideSolutionNode = FALSE
	EndGlobalSection
	GlobalSection(ExtensibilityGlobals) = postSolution
		SolutionGuid = {EE166CF3-42E6-4942-90B5-930BE426F332}
	EndGlobalSection
EndGlobal
