
Microsoft Visual Studio Solution File, Format Version 12.00
# Visual Studio Version 16
VisualStudioVersion = 16.0.30907.101
MinimumVisualStudioVersion = 10.0.40219.1
Project("{FAE04EC0-301F-11D3-BF4B-00C04F79EFBC}") = "Radio7.Rss", "src\Radio7.Rss\Radio7.Rss.csproj", "{D132F0EF-DA56-48CF-B849-CF161FB9E359}"
EndProject
Project("{9A19103F-16F7-4668-BE54-9A1E7A4F7556}") = "Rss.Api", "src\Rss.Api\Rss.Api.csproj", "{B1EBCB3F-1B19-4074-80E7-50F8FD046F9B}"
EndProject
Global
	GlobalSection(SolutionConfigurationPlatforms) = preSolution
		Debug|Any CPU = Debug|Any CPU
		Release|Any CPU = Release|Any CPU
	EndGlobalSection
	GlobalSection(ProjectConfigurationPlatforms) = postSolution
		{D132F0EF-DA56-48CF-B849-CF161FB9E359}.Debug|Any CPU.ActiveCfg = Debug|Any CPU
		{D132F0EF-DA56-48CF-B849-CF161FB9E359}.Debug|Any CPU.Build.0 = Debug|Any CPU
		{D132F0EF-DA56-48CF-B849-CF161FB9E359}.Release|Any CPU.ActiveCfg = Release|Any CPU
		{D132F0EF-DA56-48CF-B849-CF161FB9E359}.Release|Any CPU.Build.0 = Release|Any CPU
		{B1EBCB3F-1B19-4074-80E7-50F8FD046F9B}.Debug|Any CPU.ActiveCfg = Debug|Any CPU
		{B1EBCB3F-1B19-4074-80E7-50F8FD046F9B}.Debug|Any CPU.Build.0 = Debug|Any CPU
		{B1EBCB3F-1B19-4074-80E7-50F8FD046F9B}.Release|Any CPU.ActiveCfg = Release|Any CPU
		{B1EBCB3F-1B19-4074-80E7-50F8FD046F9B}.Release|Any CPU.Build.0 = Release|Any CPU
	EndGlobalSection
	GlobalSection(SolutionProperties) = preSolution
		HideSolutionNode = FALSE
	EndGlobalSection
	GlobalSection(ExtensibilityGlobals) = postSolution
		SolutionGuid = {EE166CF3-42E6-4942-90B5-930BE426F332}
	EndGlobalSection
EndGlobal
